<Solution>
  <Folder Name="/src/">
    <Project Path="src/Utils.Adapters/Utils.Adapters.csproj" />
    <Project Path="src/Utils.Canalot/Utils.Canalot.csproj" />
    <Project Path="src/Utils.Core/Utils.Core.csproj" />
    <Project Path="src/Utils.Extensions/Utils.Extensions.csproj" />
    <Project Path="src/Utils.SingleExe/Utils.SingleExe.csproj" />
  </Folder>
  <Folder Name="/samples/">
    <Project Path="samples/Utils.Adapters.Demo/Utils.Adapters.Demo.csproj" />
    <Project Path="samples/GameDemo/GameDemo.csproj" />
    <Project Path="samples/Utils.SingleExe/Utils.SingleExe.csproj" />
  </Folder>
  <Folder Name="/test/">
    <Project Path="test/Utils.Test/Utils.Test.csproj" />
    <Project Path="test/Core.Test/Core.Test.csproj" />
  </Folder>
</Solution>
