<Solution>
  <Folder Name="/src/">
    <Project Path="src/Utils.Adapters/Utils.Adapters.csproj" />
    <Project Path="src/Utils.Canalot/Utils.Canalot.csproj" />
    <Project Path="src/Utils.Core/Utils.Core.csproj" />
    <Project Path="src/Utils.Extensions/Utils.Extensions.csproj" />
    <Project Path="src/Utils.UnionPolyfill/Utils.UnionPolyfill.csproj" />
  </Folder>
  <Folder Name="/test/">
    <Project Path="test/Core.Test/Core.Test.csproj" />
    <Project Path="test/Utils.Test/Utils.Test.csproj" />
  </Folder>
</Solution>
